# This file is automatically @generated by Cargo.
# It is not intended for manual editing.
version = 4

[[package]]
name = "aho-corasick"
version = "1.1.4"
source = "registry+https://github.com/rust-lang/crates.io-index"
checksum = "ddd31a130427c27518df266943a5308ed92d4b226cc639f5a8f1002816174301"
dependencies = [
 "memchr",
]

[[package]]
name = "bitflags"
version = "2.13.0"
source = "registry+https://github.com/rust-lang/crates.io-index"
checksum = "b4388bee8683e3d04af747c73422af53102d2bd24d9eadb6cbc100baef4b43f8"

[[package]]
name = "cc"
version = "1.2.64"
source = "registry+https://github.com/rust-lang/crates.io-index"
checksum = "dad887fd958be91b5098c0248def011f4523ab786cd411be668777e55063501f"
dependencies = [
 "find-msvc-tools",
 "shlex",
]

[[package]]
name = "cfg-if"
version = "1.0.4"
source = "registry+https://github.com/rust-lang/crates.io-index"
checksum = "9330f8b2ff13f34540b44e946ef35111825727b38d33286ef986142615121801"

[[package]]
name = "encoding_rs"
version = "0.8.35"
source = "registry+https://github.com/rust-lang/crates.io-index"
checksum = "75030f3c4f45dafd7586dd6780965a8c7e8e285a5ecb86713e63a79c5b2766f3"
dependencies = [
 "cfg-if",
]

[[package]]
name = "find-msvc-tools"
version = "0.1.9"
source = "registry+https://github.com/rust-lang/crates.io-index"
checksum = "5baebc0774151f905a1a2cc41989300b1e6fbb29aff0ceffa1064fdd3088d582"

[[package]]
name = "hydradragonextractor"
version = "0.1.0"
dependencies = [
 "oxiarc-archive",
 "thiserror",
 "unrar-ng",
]

[[package]]
name = "libc"
version = "0.2.186"
source = "registry+https://github.com/rust-lang/crates.io-index"
checksum = "68ab91017fe16c622486840e4c83c9a37afeff978bd239b5293d61ece587de66"

[[package]]
name = "memchr"
version = "2.8.2"
source = "registry+https://github.com/rust-lang/crates.io-index"
checksum = "88904434abc2901f197fe8cc55f0445e7ded921dba5911dad2e2b39b48e663c4"

[[package]]
name = "oxiarc-archive"
version = "0.3.4"
source = "registry+https://github.com/rust-lang/crates.io-index"
checksum = "21ddbcbae0ae3168cbf8ae820abc12d9c238c7c6787b78a4304ee558e676d50d"
dependencies = [
 "encoding_rs",
 "oxiarc-brotli",
 "oxiarc-bzip2",
 "oxiarc-core",
 "oxiarc-deflate",
 "oxiarc-lz4",
 "oxiarc-lzhuf",
 "oxiarc-lzma",
 "oxiarc-snappy",
 "oxiarc-zstd",
]

[[package]]
name = "oxiarc-brotli"
version = "0.3.4"
source = "registry+https://github.com/rust-lang/crates.io-index"
checksum = "77eed1c4738c64c84ad0bd2dbfbd042fdad2912d95fad40a499b5e6d941d70af"
dependencies = [
 "oxiarc-core",
]

[[package]]
name = "oxiarc-bzip2"
version = "0.3.4"
source = "registry+https://github.com/rust-lang/crates.io-index"
checksum = "9b563477332d165434a8464f340c45d6d67d3110cf69fca24938e006cd1029a4"
dependencies = [
 "oxiarc-core",
]

[[package]]
name = "oxiarc-core"
version = "0.3.4"
source = "registry+https://github.com/rust-lang/crates.io-index"
checksum = "317c766a9e70da2882d4ee39556fb239a512e55f9a5e274fe3d80def59373f99"
dependencies = [
 "thiserror",
]

[[package]]
name = "oxiarc-deflate"
version = "0.3.4"
source = "registry+https://github.com/rust-lang/crates.io-index"
checksum = "b111c11e4e901478eb22efd5b9515838442d8a6ede730a034689e9b55b0aae9a"
dependencies = [
 "oxiarc-core",
]

[[package]]
name = "oxiarc-lz4"
version = "0.3.4"
source = "registry+https://github.com/rust-lang/crates.io-index"
checksum = "230d2b4f64670f2074e2bbbdd4d9d9d3677038e5c60744e950ef05ab3468f24f"
dependencies = [
 "oxiarc-core",
]

[[package]]
name = "oxiarc-lzhuf"
version = "0.3.4"
source = "registry+https://github.com/rust-lang/crates.io-index"
checksum = "28205f3c6c0283fbe6844c9a8f9f811395b7b29402054b9676d6b11e0d14a816"
dependencies = [
 "oxiarc-core",
]

[[package]]
name = "oxiarc-lzma"
version = "0.3.4"
source = "registry+https://github.com/rust-lang/crates.io-index"
checksum = "0823074ca3935e26721172981d745e6584e899e8a0bf0ad5e6499dc7da3093c6"
dependencies = [
 "oxiarc-core",
]

[[package]]
name = "oxiarc-snappy"
version = "0.3.4"
source = "registry+https://github.com/rust-lang/crates.io-index"
checksum = "ef34e8d4fe67f320f3278c4cdd9fc18a7aad1b169475e1eb0adb26e170780dc1"
dependencies = [
 "oxiarc-core",
]

[[package]]
name = "oxiarc-zstd"
version = "0.3.4"
source = "registry+https://github.com/rust-lang/crates.io-index"
checksum = "37ded17757470857e90a123e2def2978dee57fafae6197cc26c25115a35e021f"
dependencies = [
 "oxiarc-core",
]

[[package]]
name = "proc-macro2"
version = "1.0.106"
source = "registry+https://github.com/rust-lang/crates.io-index"
checksum = "8fd00f0bb2e90d81d1044c2b32617f68fcb9fa3bb7640c23e9c748e53fb30934"
dependencies = [
 "unicode-ident",
]

[[package]]
name = "quote"
version = "1.0.45"
source = "registry+https://github.com/rust-lang/crates.io-index"
checksum = "41f2619966050689382d2b44f664f4bc593e129785a36d6ee376ddf37259b924"
dependencies = [
 "proc-macro2",
]

[[package]]
name = "regex"
version = "1.12.4"
source = "registry+https://github.com/rust-lang/crates.io-index"
checksum = "f1292b7759ae1cb9ec195452d1390a074f0cd8541ab7a5a8c31cd6db45d4a6ba"
dependencies = [
 "aho-corasick",
 "memchr",
 "regex-automata",
 "regex-syntax",
]

[[package]]
name = "regex-automata"
version = "0.4.14"
source = "registry+https://github.com/rust-lang/crates.io-index"
checksum = "6e1dd4122fc1595e8162618945476892eefca7b88c52820e74af6262213cae8f"
dependencies = [
 "aho-corasick",
 "memchr",
 "regex-syntax",
]

[[package]]
name = "regex-syntax"
version = "0.8.11"
source = "registry+https://github.com/rust-lang/crates.io-index"
checksum = "d6f6ff9a378485b298a5286656da665ba74413d36db0979633275d2e708145d4"

[[package]]
name = "shlex"
version = "2.0.1"
source = "registry+https://github.com/rust-lang/crates.io-index"
checksum = "f8fadd59c855ef2080decdef8ff161eb6661b86933c9d82e5ba29dc602a55aba"

[[package]]
name = "syn"
version = "2.0.118"
source = "registry+https://github.com/rust-lang/crates.io-index"
checksum = "1b9ae57f904213ebb649ce6895b8a66c66f0203b9319718f69a5612a065b1422"
dependencies = [
 "proc-macro2",
 "quote",
 "unicode-ident",
]

[[package]]
name = "thiserror"
version = "2.0.18"
source = "registry+https://github.com/rust-lang/crates.io-index"
checksum = "4288b5bcbc7920c07a1149a35cf9590a2aa808e0bc1eafaade0b80947865fbc4"
dependencies = [
 "thiserror-impl",
]

[[package]]
name = "thiserror-impl"
version = "2.0.18"
source = "registry+https://github.com/rust-lang/crates.io-index"
checksum = "ebc4ee7f67670e9b64d05fa4253e753e016c6c95ff35b89b7941d6b856dec1d5"
dependencies = [
 "proc-macro2",
 "quote",
 "syn",
]

[[package]]
name = "unicode-ident"
version = "1.0.24"
source = "registry+https://github.com/rust-lang/crates.io-index"
checksum = "e6e4313cd5fcd3dad5cafa179702e2b244f760991f45397d14d4ebf38247da75"

[[package]]
name = "unrar-ng"
version = "0.7.7"
source = "git+https://github.com/HydraDragonAntivirus/unrar.rs#da3b2203b2a2739dd26c6b87552dd0d2bd3bddc2"
dependencies = [
 "bitflags",
 "regex",
 "unrar-ng-sys",
 "widestring",
]

[[package]]
name = "unrar-ng-sys"
version = "0.7.7"
source = "git+https://github.com/HydraDragonAntivirus/unrar.rs#da3b2203b2a2739dd26c6b87552dd0d2bd3bddc2"
dependencies = [
 "cc",
 "libc",
 "winapi",
]

[[package]]
name = "widestring"
version = "1.2.1"
source = "registry+https://github.com/rust-lang/crates.io-index"
checksum = "72069c3113ab32ab29e5584db3c6ec55d416895e60715417b5b883a357c3e471"

[[package]]
name = "winapi"
version = "0.3.9"
source = "registry+https://github.com/rust-lang/crates.io-index"
checksum = "5c839a674fcd7a98952e593242ea400abe93992746761e38641405d28b00f419"
dependencies = [
 "winapi-i686-pc-windows-gnu",
 "winapi-x86_64-pc-windows-gnu",
]

[[package]]
name = "winapi-i686-pc-windows-gnu"
version = "0.4.0"
source = "registry+https://github.com/rust-lang/crates.io-index"
checksum = "ac3b87c63620426dd9b991e5ce0329eff545bccbbb34f3be09ff6fb6ab51b7b6"

[[package]]
name = "winapi-x86_64-pc-windows-gnu"
version = "0.4.0"
source = "registry+https://github.com/rust-lang/crates.io-index"
checksum = "712e227841d057c1ee1cd2fb22fa7e5a5461ae8e48fa2ca79ec42cfc1931183f"
